
Microsoft Visual Studio Solution File, Format Version 12.00
# Visual Studio Version 17
VisualStudioVersion = 17.2.32602.215
MinimumVisualStudioVersion = 10.0.40219.1
Project("{8BC9CEB8-8B4A-11D0-8D11-00A0C91BC942}") = "IntroductionToOOP", "IntroductionToOOP\IntroductionToOOP.vcxproj", "{54077774-32F2-4340-8F27-9F2A4BCD604B}"
EndProject
Project("{8BC9CEB8-8B4A-11D0-8D11-00A0C91BC942}") = "common_fraction", "common_fraction\common_fraction.vcxproj", "{1A5C57E6-FD34-418D-8494-8CD3F605E326}"
EndProject
Project("{8BC9CEB8-8B4A-11D0-8D11-00A0C91BC942}") = "String", "String\String.vcxproj", "{AE7C817D-6F82-4B7F-B537-BF42921D74B5}"
EndProject
Global
	GlobalSection(SolutionConfigurationPlatforms) = preSolution
		Debug|x64 = Debug|x64
		Debug|x86 = Debug|x86
		Release|x64 = Release|x64
		Release|x86 = Release|x86
	EndGlobalSection
	GlobalSection(ProjectConfigurationPlatforms) = postSolution
		{54077774-32F2-4340-8F27-9F2A4BCD604B}.Debug|x64.ActiveCfg = Debug|x64
		{54077774-32F2-4340-8F27-9F2A4BCD604B}.Debug|x64.Build.0 = Debug|x64
		{54077774-32F2-4340-8F27-9F2A4BCD604B}.Debug|x86.ActiveCfg = Debug|Win32
		{54077774-32F2-4340-8F27-9F2A4BCD604B}.Debug|x86.Build.0 = Debug|Win32
		{54077774-32F2-4340-8F27-9F2A4BCD604B}.Release|x64.ActiveCfg = Release|x64
		{54077774-32F2-4340-8F27-9F2A4BCD604B}.Release|x64.Build.0 = Release|x64
		{54077774-32F2-4340-8F27-9F2A4BCD604B}.Release|x86.ActiveCfg = Release|Win32
		{54077774-32F2-4340-8F27-9F2A4BCD604B}.Release|x86.Build.0 = Release|Win32
		{1A5C57E6-FD34-418D-8494-8CD3F605E326}.Debug|x64.ActiveCfg = Debug|x64
		{1A5C57E6-FD34-418D-8494-8CD3F605E326}.Debug|x64.Build.0 = Debug|x64
		{1A5C57E6-FD34-418D-8494-8CD3F605E326}.Debug|x86.ActiveCfg = Debug|Win32
		{1A5C57E6-FD34-418D-8494-8CD3F605E326}.Debug|x86.Build.0 = Debug|Win32
		{1A5C57E6-FD34-418D-8494-8CD3F605E326}.Release|x64.ActiveCfg = Release|x64
		{1A5C57E6-FD34-418D-8494-8CD3F605E326}.Release|x64.Build.0 = Release|x64
		{1A5C57E6-FD34-418D-8494-8CD3F605E326}.Release|x86.ActiveCfg = Release|Win32
		{1A5C57E6-FD34-418D-8494-8CD3F605E326}.Release|x86.Build.0 = Release|Win32
		{AE7C817D-6F82-4B7F-B537-BF42921D74B5}.Debug|x64.ActiveCfg = Debug|x64
		{AE7C817D-6F82-4B7F-B537-BF42921D74B5}.Debug|x64.Build.0 = Debug|x64
		{AE7C817D-6F82-4B7F-B537-BF42921D74B5}.Debug|x86.ActiveCfg = Debug|Win32
		{AE7C817D-6F82-4B7F-B537-BF42921D74B5}.Debug|x86.Build.0 = Debug|Win32
		{AE7C817D-6F82-4B7F-B537-BF42921D74B5}.Release|x64.ActiveCfg = Release|x64
		{AE7C817D-6F82-4B7F-B537-BF42921D74B5}.Release|x64.Build.0 = Release|x64
		{AE7C817D-6F82-4B7F-B537-BF42921D74B5}.Release|x86.ActiveCfg = Release|Win32
		{AE7C817D-6F82-4B7F-B537-BF42921D74B5}.Release|x86.Build.0 = Release|Win32
	EndGlobalSection
	GlobalSection(SolutionProperties) = preSolution
		HideSolutionNode = FALSE
	EndGlobalSection
	GlobalSection(ExtensibilityGlobals) = postSolution
		SolutionGuid = {4A465EFE-5F35-4068-9C54-5B40DC9CA66F}
	EndGlobalSection
EndGlobal
